{
  "name": "node_modules_practice",
  "version": "1.0.0",
  "lockfileVersion": 1,
  "requires": true,
  "dependencies": {
    "teenyicons": {
      "version": "0.3.0",
      "resolved": "https://registry.npmjs.org/teenyicons/-/teenyicons-0.3.0.tgz",
      "integrity": "sha512-nkjmLAdOskyTB09D+AtV3Wqn7nNp1yRE9Jp1Tg0CrWUXbu/dKIGDUIwZzjwKJoYyKt8Ft9C01L42KaRFSqJ6pw=="
    }
  }
}
