{
  "name": "node_modules_practice",
  "version": "1.0.0",
  "lockfileVersion": 1,
  "requires": true,
  "dependencies": {
    "chainsaw": {
      "version": "0.0.9",
      "resolved": "https://registry.npmjs.org/chainsaw/-/chainsaw-0.0.9.tgz",
      "integrity": "sha1-EaBRAtHEx4W20EFdM21aOhYSkT4=",
      "requires": {
        "traverse": ">=0.3.0 <0.4"
      },
      "dependencies": {
        "traverse": {
          "version": "0.3.9",
          "resolved": "https://registry.npmjs.org/traverse/-/traverse-0.3.9.tgz",
          "integrity": "sha1-cXuPIgzAu3tE5AUUwisui7xw2Lk="
        }
      }
    },
    "deck": {
      "version": "0.0.4",
      "resolved": "https://registry.npmjs.org/deck/-/deck-0.0.4.tgz",
      "integrity": "sha1-1NidRguoHuggsEoFp9Dc5k2Lcwo="
    },
    "freestyle": {
      "version": "0.0.4",
      "resolved": "https://registry.npmjs.org/freestyle/-/freestyle-0.0.4.tgz",
      "integrity": "sha1-SX0FbhpurCBi3VLT8PfZ2d+GuVU=",
      "requires": {
        "deck": ">=0.0.3",
        "markov": ">=0.0.4",
        "rhyme": ">=0.0.3",
        "seq": ">=0.2.4"
      }
    },
    "hashish": {
      "version": "0.0.4",
      "resolved": "https://registry.npmjs.org/hashish/-/hashish-0.0.4.tgz",
      "integrity": "sha1-bWC8b/r3Ebav1g5CbQd5iAFOZVQ=",
      "requires": {
        "traverse": ">=0.2.4"
      }
    },
    "lazy": {
      "version": "1.0.11",
      "resolved": "https://registry.npmjs.org/lazy/-/lazy-1.0.11.tgz",
      "integrity": "sha1-2qBoIGKCVCwIgojpdcKXwa53tpA="
    },
    "markov": {
      "version": "0.0.7",
      "resolved": "https://registry.npmjs.org/markov/-/markov-0.0.7.tgz",
      "integrity": "sha1-NazoKuJhM/cZ4WCNIfDLwhRSq+M=",
      "requires": {
        "deck": ">=0.0.3",
        "hashish": ">=0.0.2",
        "lazy": ">=1.0.3"
      }
    },
    "rhyme": {
      "version": "0.0.3",
      "resolved": "https://registry.npmjs.org/rhyme/-/rhyme-0.0.3.tgz",
      "integrity": "sha1-/b8ZFlHtryJzACBvL2oeoDWZUUk=",
      "requires": {
        "hashish": ">=0.0.2",
        "lazy": ">=1.0.4"
      }
    },
    "seq": {
      "version": "0.3.5",
      "resolved": "https://registry.npmjs.org/seq/-/seq-0.3.5.tgz",
      "integrity": "sha1-rgKvOkJHk9jMvyEtaRdODFTf/jg=",
      "requires": {
        "chainsaw": ">=0.0.7 <0.1",
        "hashish": ">=0.0.2 <0.1"
      }
    },
    "traverse": {
      "version": "0.6.6",
      "resolved": "https://registry.npmjs.org/traverse/-/traverse-0.6.6.tgz",
      "integrity": "sha1-y99WD9e5r2MlAv7UD5GMFX6pcTc="
    }
  }
}
